{
  "name": "lottonero",
  "lockfileVersion": 2,
  "requires": true,
  "packages": {
    "": {
      "dependencies": {
        "@revolut/checkout": "^1.1.18"
      }
    },
    "node_modules/@revolut/checkout": {
      "version": "1.1.18",
      "resolved": "https://registry.npmjs.org/@revolut/checkout/-/checkout-1.1.18.tgz",
      "integrity": "sha512-40UIGKWhJ5PUtzxDHdYpylfi047+4GQtMBtW1SSM/xHrUP6CY1kKFG4g3Do7G6OsKH+pLsa4yfbruYKjvEyicQ=="
    }
  },
  "dependencies": {
    "@revolut/checkout": {
      "version": "1.1.18",
      "resolved": "https://registry.npmjs.org/@revolut/checkout/-/checkout-1.1.18.tgz",
      "integrity": "sha512-40UIGKWhJ5PUtzxDHdYpylfi047+4GQtMBtW1SSM/xHrUP6CY1kKFG4g3Do7G6OsKH+pLsa4yfbruYKjvEyicQ=="
    }
  }
}
